
Microsoft Visual Studio Solution File, Format Version 12.00
# Visual Studio 15
Project("{FAE04EC0-301F-11D3-BF4B-00C04F79EFBC}") = "Problema_7", "Project_7\Problema_7.csproj", "{3B4CEF62-48C6-43FC-A220-1DC4F577957B}"
EndProject
Global
	GlobalSection(SolutionConfigurationPlatforms) = preSolution
		Debug|anycpu = Debug|anycpu
		Release|anycpu = Release|anycpu
	EndGlobalSection
	GlobalSection(ProjectConfigurationPlatforms) = postSolution
		{3B4CEF62-48C6-43FC-A220-1DC4F577957B}.Debug|anycpu.ActiveCfg = Debug|anycpu
		{3B4CEF62-48C6-43FC-A220-1DC4F577957B}.Debug|anycpu.Build.0 = Debug|anycpu
		{3B4CEF62-48C6-43FC-A220-1DC4F577957B}.Release|anycpu.ActiveCfg = Release|anycpu
		{3B4CEF62-48C6-43FC-A220-1DC4F577957B}.Release|anycpu.Build.0 = Release|anycpu
	EndGlobalSection
EndGlobal
