
Microsoft Visual Studio Solution File, Format Version 12.00
# Visual Studio 15
Project("{FAE04EC0-301F-11D3-BF4B-00C04F79EFBC}") = "Problema_1", "Problema_1\Problema_1.csproj", "{B6054EE0-D7CB-4132-B6DC-E33899595365}"
EndProject
Global
	GlobalSection(SolutionConfigurationPlatforms) = preSolution
		Debug|anycpu = Debug|anycpu
		Release|anycpu = Release|anycpu
	EndGlobalSection
	GlobalSection(ProjectConfigurationPlatforms) = postSolution
		{B6054EE0-D7CB-4132-B6DC-E33899595365}.Debug|anycpu.ActiveCfg = Debug|anycpu
		{B6054EE0-D7CB-4132-B6DC-E33899595365}.Debug|anycpu.Build.0 = Debug|anycpu
		{B6054EE0-D7CB-4132-B6DC-E33899595365}.Release|anycpu.ActiveCfg = Release|anycpu
		{B6054EE0-D7CB-4132-B6DC-E33899595365}.Release|anycpu.Build.0 = Release|anycpu
	EndGlobalSection
EndGlobal
