
Microsoft Visual Studio Solution File, Format Version 12.00
# Visual Studio 15
Project("{FAE04EC0-301F-11D3-BF4B-00C04F79EFBC}") = "Problema_2", "Problema_2\Problema_2.csproj", "{54B0A656-E12F-4123-8924-C070D126333A}"
EndProject
Global
	GlobalSection(SolutionConfigurationPlatforms) = preSolution
		Debug|anycpu = Debug|anycpu
		Release|anycpu = Release|anycpu
	EndGlobalSection
	GlobalSection(ProjectConfigurationPlatforms) = postSolution
		{54B0A656-E12F-4123-8924-C070D126333A}.Debug|anycpu.ActiveCfg = Debug|anycpu
		{54B0A656-E12F-4123-8924-C070D126333A}.Debug|anycpu.Build.0 = Debug|anycpu
		{54B0A656-E12F-4123-8924-C070D126333A}.Release|anycpu.ActiveCfg = Release|anycpu
		{54B0A656-E12F-4123-8924-C070D126333A}.Release|anycpu.Build.0 = Release|anycpu
	EndGlobalSection
EndGlobal
