
Microsoft Visual Studio Solution File, Format Version 12.00
# Visual Studio 15
Project("{FAE04EC0-301F-11D3-BF4B-00C04F79EFBC}") = "Problema_4", "Problema_4\Problema_4.csproj", "{4DBA96A9-F348-4363-9782-DB7A6286697D}"
EndProject
Global
	GlobalSection(SolutionConfigurationPlatforms) = preSolution
		Debug|anycpu = Debug|anycpu
		Release|anycpu = Release|anycpu
	EndGlobalSection
	GlobalSection(ProjectConfigurationPlatforms) = postSolution
		{4DBA96A9-F348-4363-9782-DB7A6286697D}.Debug|anycpu.ActiveCfg = Debug|anycpu
		{4DBA96A9-F348-4363-9782-DB7A6286697D}.Debug|anycpu.Build.0 = Debug|anycpu
		{4DBA96A9-F348-4363-9782-DB7A6286697D}.Release|anycpu.ActiveCfg = Release|anycpu
		{4DBA96A9-F348-4363-9782-DB7A6286697D}.Release|anycpu.Build.0 = Release|anycpu
	EndGlobalSection
EndGlobal
