
Microsoft Visual Studio Solution File, Format Version 12.00
# Visual Studio 15
Project("{FAE04EC0-301F-11D3-BF4B-00C04F79EFBC}") = "Problema_6", "Problema_6\Problema_6.csproj", "{0CC52289-C8AE-4022-8AFD-A6D95D3E6689}"
EndProject
Global
	GlobalSection(SolutionConfigurationPlatforms) = preSolution
		Debug|anycpu = Debug|anycpu
		Release|anycpu = Release|anycpu
	EndGlobalSection
	GlobalSection(ProjectConfigurationPlatforms) = postSolution
		{0CC52289-C8AE-4022-8AFD-A6D95D3E6689}.Debug|anycpu.ActiveCfg = Debug|anycpu
		{0CC52289-C8AE-4022-8AFD-A6D95D3E6689}.Debug|anycpu.Build.0 = Debug|anycpu
		{0CC52289-C8AE-4022-8AFD-A6D95D3E6689}.Release|anycpu.ActiveCfg = Release|anycpu
		{0CC52289-C8AE-4022-8AFD-A6D95D3E6689}.Release|anycpu.Build.0 = Release|anycpu
	EndGlobalSection
EndGlobal
